<?xml version="1.0" encoding="utf-8"?>
<Project ToolsVersion="4.0" xmlns="http://schemas.microsoft.com/developer/msbuild/2003">
  <ItemGroup>
    <Filter Include="Source Files">
      <UniqueIdentifier>{4FC737F1-C7A5-4376-A066-2A32D752A2FF}</UniqueIdentifier>
      <Extensions>cpp;c;cc;cxx;def;odl;idl;hpj;bat;asm;asmx</Extensions>
    </Filter>
    <Filter Include="Header Files">
      <UniqueIdentifier>{93995380-89BD-4b04-88EB-625FBE52EBFB}</UniqueIdentifier>
      <Extensions>h;hh;hpp;hxx;hm;inl;inc;ipp;xsd</Extensions>
    </Filter>
    <Filter Include="Resource Files">
      <UniqueIdentifier>{67DA6AB6-F800-4c08-8B7A-83BB121AAD01}</UniqueIdentifier>
      <Extensions>rc;ico;cur;bmp;dlg;rc2;rct;bin;rgs;gif;jpg;jpeg;jpe;resx;tiff;tif;png;wav;mfcribbon-ms</Extensions>
    </Filter>
    <Filter Include="Source Files\src">
      <UniqueIdentifier>{33ef6061-bffc-459e-a7dc-295dffdb2f72}</UniqueIdentifier>
    </Filter>
    <Filter Include="Source Files\src\matrix">
      <UniqueIdentifier>{a814b463-55d1-48fb-a2d8-407ffb723881}</UniqueIdentifier>
    </Filter>
    <Filter Include="Source Files\src\matrix\matrix2x2">
      <UniqueIdentifier>{bc9ca366-4620-4353-8731-6d4ed0a4a578}</UniqueIdentifier>
    </Filter>
    <Filter Include="Source Files\src\matrix\matrix3x3">
      <UniqueIdentifier>{eeb6fed2-c1a2-4088-9357-f32018dbb2a2}</UniqueIdentifier>
    </Filter>
    <Filter Include="Source Files\src\matrix\matrix4x4">
      <UniqueIdentifier>{d358c865-f4f6-4632-bdd7-0056dbfc07d4}</UniqueIdentifier>
    </Filter>
    <Filter Include="Source Files\src\matrix\matrixFactory">
      <UniqueIdentifier>{36fb8024-cc27-4f67-9514-543e1783b434}</UniqueIdentifier>
    </Filter>
    <Filter Include="Source Files\src\random">
      <UniqueIdentifier>{e6b3f4dc-28e6-4400-9dde-bcd3c989fb50}</UniqueIdentifier>
    </Filter>
    <Filter Include="Source Files\src\shaders">
      <UniqueIdentifier>{6dd72246-0172-4a0d-b2cd-79e4cf3ac264}</UniqueIdentifier>
    </Filter>
    <Filter Include="Source Files\src\vector">
      <UniqueIdentifier>{3564fb18-3310-4c4f-8895-f231d66b8fd4}</UniqueIdentifier>
    </Filter>
    <Filter Include="Source Files\src\vector\vector4">
      <UniqueIdentifier>{a3e22c9d-45ce-47bd-b694-7d0f1a082d49}</UniqueIdentifier>
    </Filter>
    <Filter Include="Source Files\src\vector\vector2">
      <UniqueIdentifier>{a90055f2-f335-491b-a84e-fc83db04030e}</UniqueIdentifier>
    </Filter>
    <Filter Include="Source Files\src\vector\vector3">
      <UniqueIdentifier>{c180fc62-c4c8-40f1-b709-005deb5bcc36}</UniqueIdentifier>
    </Filter>
  </ItemGroup>
  <ItemGroup>
    <ClCompile Include="3-Hello3dWorld.cpp">
      <Filter>Source Files</Filter>
    </ClCompile>
    <ClCompile Include="src\matrix\matrix2x2\matrix2x2.cpp">
      <Filter>Source Files\src\matrix\matrix2x2</Filter>
    </ClCompile>
    <ClCompile Include="src\matrix\matrix3x3\matrix3x3.cpp">
      <Filter>Source Files\src\matrix\matrix3x3</Filter>
    </ClCompile>
    <ClCompile Include="src\matrix\matrix4x4\matrix4x4.cpp">
      <Filter>Source Files\src\matrix\matrix4x4</Filter>
    </ClCompile>
    <ClCompile Include="src\matrix\matrixFactory\matrixFactory.cpp">
      <Filter>Source Files\src\matrix\matrixFactory</Filter>
    </ClCompile>
    <ClCompile Include="src\random\random.cpp">
      <Filter>Source Files\src\random</Filter>
    </ClCompile>
    <ClCompile Include="src\shaders\shaders.cpp">
      <Filter>Source Files\src\shaders</Filter>
    </ClCompile>
    <ClCompile Include="src\vector\vector2\vector2.cpp">
      <Filter>Source Files\src\vector\vector2</Filter>
    </ClCompile>
    <ClCompile Include="src\vector\vector4\vector4.cpp">
      <Filter>Source Files\src\vector\vector4</Filter>
    </ClCompile>
    <ClCompile Include="src\vector\vector3\vector3.cpp">
      <Filter>Source Files\src\vector\vector3</Filter>
    </ClCompile>
    <ClCompile Include="camera.cpp">
      <Filter>Source Files</Filter>
    </ClCompile>
  </ItemGroup>
  <ItemGroup>
    <ClInclude Include="src\matrix\matrix2x2\matrix2x2.h">
      <Filter>Source Files\src\matrix\matrix2x2</Filter>
    </ClInclude>
    <ClInclude Include="src\matrix\matrix3x3\matrix3x3.h">
      <Filter>Source Files\src\matrix\matrix3x3</Filter>
    </ClInclude>
    <ClInclude Include="src\matrix\matrix4x4\matrix4x4.h">
      <Filter>Source Files\src\matrix\matrix4x4</Filter>
    </ClInclude>
    <ClInclude Include="src\matrix\matrixFactory\matrixFactory.h">
      <Filter>Source Files\src\matrix\matrixFactory</Filter>
    </ClInclude>
    <ClInclude Include="src\random\random.h">
      <Filter>Source Files\src\random</Filter>
    </ClInclude>
    <ClInclude Include="src\shaders\shaders.h">
      <Filter>Source Files\src\shaders</Filter>
    </ClInclude>
    <ClInclude Include="src\shapes.h">
      <Filter>Source Files\src</Filter>
    </ClInclude>
    <ClInclude Include="src\Vertex.h">
      <Filter>Source Files\src</Filter>
    </ClInclude>
    <ClInclude Include="src\vector\vector2\vector2.h">
      <Filter>Source Files\src\vector\vector2</Filter>
    </ClInclude>
    <ClInclude Include="src\vector\vector3\vector3.h">
      <Filter>Source Files\src\vector\vector3</Filter>
    </ClInclude>
    <ClInclude Include="src\vector\vector4\vector4.h">
      <Filter>Source Files\src\vector\vector4</Filter>
    </ClInclude>
    <ClInclude Include="camera.h">
      <Filter>Source Files</Filter>
    </ClInclude>
  </ItemGroup>
</Project>