<?xml version="1.0" encoding="utf-8"?>
<Project ToolsVersion="4.0" xmlns="http://schemas.microsoft.com/developer/msbuild/2003">
  <ItemGroup>
    <Filter Include="Source Files">
      <UniqueIdentifier>{4FC737F1-C7A5-4376-A066-2A32D752A2FF}</UniqueIdentifier>
      <Extensions>cpp;c;cc;cxx;def;odl;idl;hpj;bat;asm;asmx</Extensions>
    </Filter>
    <Filter Include="Header Files">
      <UniqueIdentifier>{93995380-89BD-4b04-88EB-625FBE52EBFB}</UniqueIdentifier>
      <Extensions>h;hh;hpp;hxx;hm;inl;inc;ipp;xsd</Extensions>
    </Filter>
    <Filter Include="Resource Files">
      <UniqueIdentifier>{67DA6AB6-F800-4c08-8B7A-83BB121AAD01}</UniqueIdentifier>
      <Extensions>rc;ico;cur;bmp;dlg;rc2;rct;bin;rgs;gif;jpg;jpeg;jpe;resx;tiff;tif;png;wav;mfcribbon-ms</Extensions>
    </Filter>
    <Filter Include="Source Files\src">
      <UniqueIdentifier>{0ecfd019-73e5-4a94-be6e-e5e9c3252adf}</UniqueIdentifier>
    </Filter>
    <Filter Include="Source Files\src\camera">
      <UniqueIdentifier>{9ae5012d-d0ff-4506-b190-fb45f49c8457}</UniqueIdentifier>
    </Filter>
    <Filter Include="Source Files\src\matrix">
      <UniqueIdentifier>{e9a40719-1670-4a67-ad89-69b0606c1c9d}</UniqueIdentifier>
    </Filter>
    <Filter Include="Source Files\src\qtrn">
      <UniqueIdentifier>{2a717417-6b7a-47f2-94e8-fdbc0c7dc9bb}</UniqueIdentifier>
    </Filter>
    <Filter Include="Source Files\src\random">
      <UniqueIdentifier>{3a830da3-c906-4e2d-875f-437c1d9cd79b}</UniqueIdentifier>
    </Filter>
    <Filter Include="Source Files\src\vector">
      <UniqueIdentifier>{f5e0c384-8104-482d-bc2b-61676cc279db}</UniqueIdentifier>
    </Filter>
    <Filter Include="Source Files\src\matrix\matrix2x2">
      <UniqueIdentifier>{75cedbde-7473-4005-8568-a79536cc35e3}</UniqueIdentifier>
    </Filter>
    <Filter Include="Source Files\src\matrix\matrix3x3">
      <UniqueIdentifier>{b1ee6fb3-c653-4566-8a72-4f4aa2454ede}</UniqueIdentifier>
    </Filter>
    <Filter Include="Source Files\src\matrix\matrix4x4">
      <UniqueIdentifier>{704e3612-3f9e-4900-809b-c66f9904bc43}</UniqueIdentifier>
    </Filter>
    <Filter Include="Source Files\src\matrix\matrixFactory">
      <UniqueIdentifier>{bbd7f1f5-7053-4e2d-83c0-b3decae28511}</UniqueIdentifier>
    </Filter>
    <Filter Include="Source Files\src\vector\vector2">
      <UniqueIdentifier>{ab17f6b0-f26f-4c49-9d9c-f97468eef19b}</UniqueIdentifier>
    </Filter>
    <Filter Include="Source Files\src\vector\vector3">
      <UniqueIdentifier>{f689659b-b1ae-43dc-af38-f5b4ca4a3639}</UniqueIdentifier>
    </Filter>
    <Filter Include="Source Files\src\vector\vector4">
      <UniqueIdentifier>{efa00b72-9069-4799-9f72-f710f9e31aef}</UniqueIdentifier>
    </Filter>
    <Filter Include="Source Files\src\mesh">
      <UniqueIdentifier>{86906a98-db3d-4fa8-b7bc-bae84900082f}</UniqueIdentifier>
    </Filter>
    <Filter Include="Source Files\src\error">
      <UniqueIdentifier>{549fea47-5c0f-4e96-8576-9372040cfb7b}</UniqueIdentifier>
    </Filter>
    <Filter Include="Resource Files\shaders">
      <UniqueIdentifier>{567662b1-ad38-418e-b5fb-ee9e3f4bbc7a}</UniqueIdentifier>
    </Filter>
    <Filter Include="Resource Files\shaders\tangramShader">
      <UniqueIdentifier>{826b8839-58c4-43a5-be3f-18d633126e1a}</UniqueIdentifier>
    </Filter>
    <Filter Include="Resource Files\shaders\tableShader">
      <UniqueIdentifier>{63baebbd-de47-4849-bbb2-770d68bc918a}</UniqueIdentifier>
    </Filter>
    <Filter Include="Source Files\src\scene">
      <UniqueIdentifier>{8b6ca3ca-f243-4b82-8ed4-3001f443cc44}</UniqueIdentifier>
    </Filter>
    <Filter Include="Source Files\src\shader">
      <UniqueIdentifier>{16292e60-5db4-4bcd-bf19-35d38ec44d14}</UniqueIdentifier>
    </Filter>
    <Filter Include="Source Files\src\scene\sceneNode">
      <UniqueIdentifier>{7140567f-be01-4641-80a3-061a7c549188}</UniqueIdentifier>
    </Filter>
    <Filter Include="Source Files\src\scene\sceneGraph">
      <UniqueIdentifier>{bd3207f1-2b3c-4fb7-adea-92bb891bc8c4}</UniqueIdentifier>
    </Filter>
    <Filter Include="Resource Files\json">
      <UniqueIdentifier>{90e08d88-e0f6-452c-a58a-8d83fdd27d75}</UniqueIdentifier>
    </Filter>
    <Filter Include="Source Files\jsoncons">
      <UniqueIdentifier>{d2a01e1b-22e0-4b1f-9184-61f27612901a}</UniqueIdentifier>
    </Filter>
    <Filter Include="Source Files\jsoncons\config">
      <UniqueIdentifier>{85d639c2-14be-4242-815d-24a245504687}</UniqueIdentifier>
    </Filter>
    <Filter Include="Source Files\jsoncons\detail">
      <UniqueIdentifier>{c5a88c6c-146f-4e5a-bbd2-c3495657b5ac}</UniqueIdentifier>
    </Filter>
    <Filter Include="Resource Files\shaders\tangramShader\cube">
      <UniqueIdentifier>{3fa0606e-3245-4b5d-a232-f2855aae28ee}</UniqueIdentifier>
    </Filter>
    <Filter Include="Resource Files\shaders\tangramShader\sTri1">
      <UniqueIdentifier>{a1ee837b-28d9-4ecc-b9d5-a4c13cc08dc5}</UniqueIdentifier>
    </Filter>
    <Filter Include="Resource Files\shaders\tangramShader\stri2">
      <UniqueIdentifier>{2024ede8-804d-4094-97c9-37e0ee148155}</UniqueIdentifier>
    </Filter>
    <Filter Include="Resource Files\shaders\tangramShader\mTri">
      <UniqueIdentifier>{a18a8372-75e7-4fa2-95b6-1e99eb8563d5}</UniqueIdentifier>
    </Filter>
    <Filter Include="Resource Files\shaders\tangramShader\lTri1">
      <UniqueIdentifier>{62e16ed4-2335-4f35-a41c-8cb5248116f2}</UniqueIdentifier>
    </Filter>
    <Filter Include="Resource Files\shaders\tangramShader\lTri2">
      <UniqueIdentifier>{9c2ee48d-fa50-4b95-b794-ece3a0852a12}</UniqueIdentifier>
    </Filter>
    <Filter Include="Resource Files\shaders\tangramShader\parall">
      <UniqueIdentifier>{ee065848-de25-443c-9138-3534dacdc731}</UniqueIdentifier>
    </Filter>
    <Filter Include="Resource Files\shaders\default">
      <UniqueIdentifier>{c722f542-b9be-40a2-a2ad-21bf51cf5e96}</UniqueIdentifier>
    </Filter>
    <Filter Include="Source Files\src\image">
      <UniqueIdentifier>{5b74be37-64fc-4db4-b1ea-3f58df1c6886}</UniqueIdentifier>
    </Filter>
    <Filter Include="Source Files\src\color">
      <UniqueIdentifier>{8e59cc65-5444-4602-ada5-945328619f67}</UniqueIdentifier>
    </Filter>
  </ItemGroup>
  <ItemGroup>
    <ClCompile Include="5-OBJ_loader.cpp">
      <Filter>Source Files</Filter>
    </ClCompile>
    <ClCompile Include="src\random\random.cpp">
      <Filter>Source Files\src\random</Filter>
    </ClCompile>
    <ClCompile Include="src\matrix\matrix2x2\matrix2x2.cpp">
      <Filter>Source Files\src\matrix\matrix2x2</Filter>
    </ClCompile>
    <ClCompile Include="src\matrix\matrix3x3\matrix3x3.cpp">
      <Filter>Source Files\src\matrix\matrix3x3</Filter>
    </ClCompile>
    <ClCompile Include="src\matrix\matrix4x4\matrix4x4.cpp">
      <Filter>Source Files\src\matrix\matrix4x4</Filter>
    </ClCompile>
    <ClCompile Include="src\matrix\matrixFactory\matrixFactory.cpp">
      <Filter>Source Files\src\matrix\matrixFactory</Filter>
    </ClCompile>
    <ClCompile Include="src\vector\vector2\vector2.cpp">
      <Filter>Source Files\src\vector\vector2</Filter>
    </ClCompile>
    <ClCompile Include="src\vector\vector3\vector3.cpp">
      <Filter>Source Files\src\vector\vector3</Filter>
    </ClCompile>
    <ClCompile Include="src\qtrn\qtrn.cpp">
      <Filter>Source Files\src\qtrn</Filter>
    </ClCompile>
    <ClCompile Include="src\vector\vector4\vector4.cpp">
      <Filter>Source Files\src\vector\vector4</Filter>
    </ClCompile>
    <ClCompile Include="src\error\error.cpp">
      <Filter>Source Files\src\error</Filter>
    </ClCompile>
    <ClCompile Include="src\shader\shader.cpp">
      <Filter>Source Files\src\shader</Filter>
    </ClCompile>
    <ClCompile Include="src\scene\sceneNode.cpp">
      <Filter>Source Files\src\scene\sceneNode</Filter>
    </ClCompile>
    <ClCompile Include="src\scene\sceneGraph.cpp">
      <Filter>Source Files\src\scene\sceneGraph</Filter>
    </ClCompile>
    <ClCompile Include="src\image\image.cpp">
      <Filter>Source Files\src\image</Filter>
    </ClCompile>
    <ClCompile Include="src\camera\camera.cpp">
      <Filter>Source Files\src\camera</Filter>
    </ClCompile>
    <ClCompile Include="src\mesh\mesh.cpp">
      <Filter>Source Files\src\mesh</Filter>
    </ClCompile>
    <ClCompile Include="src\color\color.cpp">
      <Filter>Source Files\src\color</Filter>
    </ClCompile>
    <ClCompile Include="src\mesh\meshManager.cpp">
      <Filter>Source Files\src\mesh</Filter>
    </ClCompile>
    <ClCompile Include="src\shader\shaderManager.cpp">
      <Filter>Source Files\src\shader</Filter>
    </ClCompile>
  </ItemGroup>
  <ItemGroup>
    <ClInclude Include="src\random\random.h">
      <Filter>Source Files\src\random</Filter>
    </ClInclude>
    <ClInclude Include="src\matrix\matrix2x2\matrix2x2.h">
      <Filter>Source Files\src\matrix\matrix2x2</Filter>
    </ClInclude>
    <ClInclude Include="src\matrix\matrix3x3\matrix3x3.h">
      <Filter>Source Files\src\matrix\matrix3x3</Filter>
    </ClInclude>
    <ClInclude Include="src\matrix\matrix4x4\matrix4x4.h">
      <Filter>Source Files\src\matrix\matrix4x4</Filter>
    </ClInclude>
    <ClInclude Include="src\matrix\matrixFactory\matrixFactory.h">
      <Filter>Source Files\src\matrix\matrixFactory</Filter>
    </ClInclude>
    <ClInclude Include="src\vector\vector2\vector2.h">
      <Filter>Source Files\src\vector\vector2</Filter>
    </ClInclude>
    <ClInclude Include="src\vector\vector3\vector3.h">
      <Filter>Source Files\src\vector\vector3</Filter>
    </ClInclude>
    <ClInclude Include="src\vector\vector4\vector4.h">
      <Filter>Source Files\src\vector\vector4</Filter>
    </ClInclude>
    <ClInclude Include="src\qtrn\qtrn.h">
      <Filter>Source Files\src\qtrn</Filter>
    </ClInclude>
    <ClInclude Include="src\error\error.h">
      <Filter>Source Files\src\error</Filter>
    </ClInclude>
    <ClInclude Include="src\shader\shader.h">
      <Filter>Source Files\src\shader</Filter>
    </ClInclude>
    <ClInclude Include="src\scene\sceneNode.h">
      <Filter>Source Files\src\scene\sceneNode</Filter>
    </ClInclude>
    <ClInclude Include="src\scene\sceneGraph.h">
      <Filter>Source Files\src\scene\sceneGraph</Filter>
    </ClInclude>
    <ClInclude Include="jsoncons\config\binary_utilities.hpp">
      <Filter>Source Files\jsoncons\config</Filter>
    </ClInclude>
    <ClInclude Include="jsoncons\config\jsoncons_config.hpp">
      <Filter>Source Files\jsoncons\config</Filter>
    </ClInclude>
    <ClInclude Include="jsoncons\config\version.hpp">
      <Filter>Source Files\jsoncons\config</Filter>
    </ClInclude>
    <ClInclude Include="jsoncons\detail\heap_only_string.hpp">
      <Filter>Source Files\jsoncons\detail</Filter>
    </ClInclude>
    <ClInclude Include="jsoncons\detail\parse_number.hpp">
      <Filter>Source Files\jsoncons\detail</Filter>
    </ClInclude>
    <ClInclude Include="jsoncons\detail\print_number.hpp">
      <Filter>Source Files\jsoncons\detail</Filter>
    </ClInclude>
    <ClInclude Include="jsoncons\detail\type_traits_helper.hpp">
      <Filter>Source Files\jsoncons\detail</Filter>
    </ClInclude>
    <ClInclude Include="jsoncons\detail\unicode_traits.hpp">
      <Filter>Source Files\jsoncons\detail</Filter>
    </ClInclude>
    <ClInclude Include="jsoncons\detail\writer.hpp">
      <Filter>Source Files\jsoncons\detail</Filter>
    </ClInclude>
    <ClInclude Include="jsoncons\basic_json.hpp">
      <Filter>Source Files\jsoncons</Filter>
    </ClInclude>
    <ClInclude Include="jsoncons\bignum.hpp">
      <Filter>Source Files\jsoncons</Filter>
    </ClInclude>
    <ClInclude Include="jsoncons\byte_string.hpp">
      <Filter>Source Files\jsoncons</Filter>
    </ClInclude>
    <ClInclude Include="jsoncons\conversion_traits.hpp">
      <Filter>Source Files\jsoncons</Filter>
    </ClInclude>
    <ClInclude Include="jsoncons\json.hpp">
      <Filter>Source Files\jsoncons</Filter>
    </ClInclude>
    <ClInclude Include="jsoncons\json_content_handler.hpp">
      <Filter>Source Files\jsoncons</Filter>
    </ClInclude>
    <ClInclude Include="jsoncons\json_conversion.hpp">
      <Filter>Source Files\jsoncons</Filter>
    </ClInclude>
    <ClInclude Include="jsoncons\json_decoder.hpp">
      <Filter>Source Files\jsoncons</Filter>
    </ClInclude>
    <ClInclude Include="jsoncons\json_error_category.hpp">
      <Filter>Source Files\jsoncons</Filter>
    </ClInclude>
    <ClInclude Include="jsoncons\json_exception.hpp">
      <Filter>Source Files\jsoncons</Filter>
    </ClInclude>
    <ClInclude Include="jsoncons\json_filter.hpp">
      <Filter>Source Files\jsoncons</Filter>
    </ClInclude>
    <ClInclude Include="jsoncons\json_fwd.hpp">
      <Filter>Source Files\jsoncons</Filter>
    </ClInclude>
    <ClInclude Include="jsoncons\json_parser.hpp">
      <Filter>Source Files\jsoncons</Filter>
    </ClInclude>
    <ClInclude Include="jsoncons\json_reader.hpp">
      <Filter>Source Files\jsoncons</Filter>
    </ClInclude>
    <ClInclude Include="jsoncons\json_serializer.hpp">
      <Filter>Source Files\jsoncons</Filter>
    </ClInclude>
    <ClInclude Include="jsoncons\json_serializing_options.hpp">
      <Filter>Source Files\jsoncons</Filter>
    </ClInclude>
    <ClInclude Include="jsoncons\json_staj_reader.hpp">
      <Filter>Source Files\jsoncons</Filter>
    </ClInclude>
    <ClInclude Include="jsoncons\json_stream_reader.hpp">
      <Filter>Source Files\jsoncons</Filter>
    </ClInclude>
    <ClInclude Include="jsoncons\json_structures.hpp">
      <Filter>Source Files\jsoncons</Filter>
    </ClInclude>
    <ClInclude Include="jsoncons\json_type_traits.hpp">
      <Filter>Source Files\jsoncons</Filter>
    </ClInclude>
    <ClInclude Include="jsoncons\jsoncons_utilities.hpp">
      <Filter>Source Files\jsoncons</Filter>
    </ClInclude>
    <ClInclude Include="jsoncons\key_value.hpp">
      <Filter>Source Files\jsoncons</Filter>
    </ClInclude>
    <ClInclude Include="jsoncons\parse_error_handler.hpp">
      <Filter>Source Files\jsoncons</Filter>
    </ClInclude>
    <ClInclude Include="jsoncons\pretty_print.hpp">
      <Filter>Source Files\jsoncons</Filter>
    </ClInclude>
    <ClInclude Include="jsoncons\serializing_context.hpp">
      <Filter>Source Files\jsoncons</Filter>
    </ClInclude>
    <ClInclude Include="jsoncons\staj_iterator.hpp">
      <Filter>Source Files\jsoncons</Filter>
    </ClInclude>
    <ClInclude Include="jsoncons\staj_reader.hpp">
      <Filter>Source Files\jsoncons</Filter>
    </ClInclude>
    <ClInclude Include="jsoncons\stream_reader.hpp">
      <Filter>Source Files\jsoncons</Filter>
    </ClInclude>
    <ClInclude Include="src\image\image.h">
      <Filter>Source Files\src\image</Filter>
    </ClInclude>
    <ClInclude Include="src\camera\camera.h">
      <Filter>Source Files\src\camera</Filter>
    </ClInclude>
    <ClInclude Include="src\mesh\mesh.h">
      <Filter>Source Files\src\mesh</Filter>
    </ClInclude>
    <ClInclude Include="src\color\color.h">
      <Filter>Source Files\src\color</Filter>
    </ClInclude>
    <ClInclude Include="src\mesh\meshManager.h">
      <Filter>Source Files\src\mesh</Filter>
    </ClInclude>
    <ClInclude Include="src\shader\shaderManager.h">
      <Filter>Source Files\src\shader</Filter>
    </ClInclude>
  </ItemGroup>
  <ItemGroup>
    <None Include="..\..\assets\json\defaultLoad.json">
      <Filter>Resource Files\json</Filter>
    </None>
    <None Include="..\..\assets\shaders\tangramShader\cube\cube_fs.glsl">
      <Filter>Resource Files\shaders\tangramShader\cube</Filter>
    </None>
    <None Include="..\..\assets\shaders\tangramShader\cube\cube_vs.glsl">
      <Filter>Resource Files\shaders\tangramShader\cube</Filter>
    </None>
    <None Include="..\..\assets\shaders\tangramShader\parall\parall_fs.glsl">
      <Filter>Resource Files\shaders\tangramShader\parall</Filter>
    </None>
    <None Include="..\..\assets\shaders\tangramShader\parall\parall_vs.glsl">
      <Filter>Resource Files\shaders\tangramShader\parall</Filter>
    </None>
    <None Include="..\..\assets\shaders\tangramShader\sTri1\sTri1_fs.glsl">
      <Filter>Resource Files\shaders\tangramShader\sTri1</Filter>
    </None>
    <None Include="..\..\assets\shaders\tangramShader\sTri1\sTri1_vs.glsl">
      <Filter>Resource Files\shaders\tangramShader\sTri1</Filter>
    </None>
    <None Include="..\..\assets\shaders\tangramShader\sTri2\sTri2_fs.glsl">
      <Filter>Resource Files\shaders\tangramShader\stri2</Filter>
    </None>
    <None Include="..\..\assets\shaders\tangramShader\sTri2\stri2_vs.glsl">
      <Filter>Resource Files\shaders\tangramShader\stri2</Filter>
    </None>
    <None Include="..\..\assets\shaders\tangramShader\mTri\mTri_fs.glsl">
      <Filter>Resource Files\shaders\tangramShader\mTri</Filter>
    </None>
    <None Include="..\..\assets\shaders\tangramShader\mTri\mTri_vs.glsl">
      <Filter>Resource Files\shaders\tangramShader\mTri</Filter>
    </None>
    <None Include="..\..\assets\shaders\tangramShader\lTri1\lTri1_fs.glsl">
      <Filter>Resource Files\shaders\tangramShader\lTri1</Filter>
    </None>
    <None Include="..\..\assets\shaders\tangramShader\lTri1\lTri1_vs.glsl">
      <Filter>Resource Files\shaders\tangramShader\lTri1</Filter>
    </None>
    <None Include="..\..\assets\shaders\tangramShader\lTri2\lTri2_fs.glsl">
      <Filter>Resource Files\shaders\tangramShader\lTri2</Filter>
    </None>
    <None Include="..\..\assets\shaders\tangramShader\lTri2\lTri2_vs.glsl">
      <Filter>Resource Files\shaders\tangramShader\lTri2</Filter>
    </None>
    <None Include="..\..\assets\shaders\default\default_fs.glsl">
      <Filter>Resource Files\shaders\default</Filter>
    </None>
    <None Include="..\..\assets\shaders\default\default_vs.glsl">
      <Filter>Resource Files\shaders\default</Filter>
    </None>
    <None Include="..\..\assets\shaders\tableShader\table_vs.glsl">
      <Filter>Resource Files\shaders\tableShader</Filter>
    </None>
    <None Include="..\..\assets\shaders\tableShader\table_fs.glsl">
      <Filter>Resource Files\shaders\tableShader</Filter>
    </None>
    <None Include="..\..\assets\json\savedScene.json">
      <Filter>Resource Files\json</Filter>
    </None>
  </ItemGroup>
</Project>