<?xml version="1.0" encoding="utf-8"?>
<Project ToolsVersion="4.0" xmlns="http://schemas.microsoft.com/developer/msbuild/2003">
  <ItemGroup>
    <Filter Include="Source Files">
      <UniqueIdentifier>{4FC737F1-C7A5-4376-A066-2A32D752A2FF}</UniqueIdentifier>
      <Extensions>cpp;c;cc;cxx;def;odl;idl;hpj;bat;asm;asmx</Extensions>
    </Filter>
    <Filter Include="Header Files">
      <UniqueIdentifier>{93995380-89BD-4b04-88EB-625FBE52EBFB}</UniqueIdentifier>
      <Extensions>h;hh;hpp;hxx;hm;inl;inc;ipp;xsd</Extensions>
    </Filter>
    <Filter Include="Resource Files">
      <UniqueIdentifier>{67DA6AB6-F800-4c08-8B7A-83BB121AAD01}</UniqueIdentifier>
      <Extensions>rc;ico;cur;bmp;dlg;rc2;rct;bin;rgs;gif;jpg;jpeg;jpe;resx;tiff;tif;png;wav;mfcribbon-ms</Extensions>
    </Filter>
    <Filter Include="Source Files\src">
      <UniqueIdentifier>{0ecfd019-73e5-4a94-be6e-e5e9c3252adf}</UniqueIdentifier>
    </Filter>
    <Filter Include="Source Files\src\camera">
      <UniqueIdentifier>{9ae5012d-d0ff-4506-b190-fb45f49c8457}</UniqueIdentifier>
    </Filter>
    <Filter Include="Source Files\src\matrix">
      <UniqueIdentifier>{e9a40719-1670-4a67-ad89-69b0606c1c9d}</UniqueIdentifier>
    </Filter>
    <Filter Include="Source Files\src\qtrn">
      <UniqueIdentifier>{2a717417-6b7a-47f2-94e8-fdbc0c7dc9bb}</UniqueIdentifier>
    </Filter>
    <Filter Include="Source Files\src\random">
      <UniqueIdentifier>{3a830da3-c906-4e2d-875f-437c1d9cd79b}</UniqueIdentifier>
    </Filter>
    <Filter Include="Source Files\src\shaders">
      <UniqueIdentifier>{16292e60-5db4-4bcd-bf19-35d38ec44d14}</UniqueIdentifier>
    </Filter>
    <Filter Include="Source Files\src\vector">
      <UniqueIdentifier>{f5e0c384-8104-482d-bc2b-61676cc279db}</UniqueIdentifier>
    </Filter>
    <Filter Include="Source Files\src\matrix\matrix2x2">
      <UniqueIdentifier>{75cedbde-7473-4005-8568-a79536cc35e3}</UniqueIdentifier>
    </Filter>
    <Filter Include="Source Files\src\matrix\matrix3x3">
      <UniqueIdentifier>{b1ee6fb3-c653-4566-8a72-4f4aa2454ede}</UniqueIdentifier>
    </Filter>
    <Filter Include="Source Files\src\matrix\matrix4x4">
      <UniqueIdentifier>{704e3612-3f9e-4900-809b-c66f9904bc43}</UniqueIdentifier>
    </Filter>
    <Filter Include="Source Files\src\matrix\matrixFactory">
      <UniqueIdentifier>{bbd7f1f5-7053-4e2d-83c0-b3decae28511}</UniqueIdentifier>
    </Filter>
    <Filter Include="Source Files\src\vector\vector2">
      <UniqueIdentifier>{ab17f6b0-f26f-4c49-9d9c-f97468eef19b}</UniqueIdentifier>
    </Filter>
    <Filter Include="Source Files\src\vector\vector3">
      <UniqueIdentifier>{f689659b-b1ae-43dc-af38-f5b4ca4a3639}</UniqueIdentifier>
    </Filter>
    <Filter Include="Source Files\src\vector\vector4">
      <UniqueIdentifier>{efa00b72-9069-4799-9f72-f710f9e31aef}</UniqueIdentifier>
    </Filter>
    <Filter Include="Source Files\assets">
      <UniqueIdentifier>{db076bc4-2c08-4e4e-8a32-c6fc716acb5e}</UniqueIdentifier>
    </Filter>
    <Filter Include="Source Files\assets\models">
      <UniqueIdentifier>{f180cbd8-4fff-4a07-8e5a-94719f0a8752}</UniqueIdentifier>
    </Filter>
    <Filter Include="Source Files\shaders">
      <UniqueIdentifier>{ffcc290e-986a-4601-a61b-5c1745dad236}</UniqueIdentifier>
    </Filter>
    <Filter Include="Source Files\src\mesh">
      <UniqueIdentifier>{86906a98-db3d-4fa8-b7bc-bae84900082f}</UniqueIdentifier>
    </Filter>
  </ItemGroup>
  <ItemGroup>
    <ClCompile Include="5-OBJ_loader.cpp">
      <Filter>Source Files</Filter>
    </ClCompile>
    <ClCompile Include="6-classicgl-teapot.cpp">
      <Filter>Source Files</Filter>
    </ClCompile>
    <ClCompile Include="7-MatrixStack.cpp">
      <Filter>Source Files</Filter>
    </ClCompile>
    <ClCompile Include="8-SceneManager.cpp">
      <Filter>Source Files</Filter>
    </ClCompile>
    <ClCompile Include="src\camera\camera.cpp">
      <Filter>Source Files\src\camera</Filter>
    </ClCompile>
    <ClCompile Include="src\random\random.cpp">
      <Filter>Source Files\src\random</Filter>
    </ClCompile>
    <ClCompile Include="src\matrix\matrix2x2\matrix2x2.cpp">
      <Filter>Source Files\src\matrix\matrix2x2</Filter>
    </ClCompile>
    <ClCompile Include="src\matrix\matrix3x3\matrix3x3.cpp">
      <Filter>Source Files\src\matrix\matrix3x3</Filter>
    </ClCompile>
    <ClCompile Include="src\matrix\matrix4x4\matrix4x4.cpp">
      <Filter>Source Files\src\matrix\matrix4x4</Filter>
    </ClCompile>
    <ClCompile Include="src\matrix\matrixFactory\matrixFactory.cpp">
      <Filter>Source Files\src\matrix\matrixFactory</Filter>
    </ClCompile>
    <ClCompile Include="src\vector\vector2\vector2.cpp">
      <Filter>Source Files\src\vector\vector2</Filter>
    </ClCompile>
    <ClCompile Include="src\vector\vector3\vector3.cpp">
      <Filter>Source Files\src\vector\vector3</Filter>
    </ClCompile>
    <ClCompile Include="src\shaders\shaders.cpp">
      <Filter>Source Files\src\shaders</Filter>
    </ClCompile>
    <ClCompile Include="src\qtrn\qtrn.cpp">
      <Filter>Source Files\src\qtrn</Filter>
    </ClCompile>
    <ClCompile Include="src\vector\vector4\vector4.cpp">
      <Filter>Source Files\src\vector\vector4</Filter>
    </ClCompile>
    <ClCompile Include="src\mesh\mesh.cpp">
      <Filter>Source Files\src\mesh</Filter>
    </ClCompile>
  </ItemGroup>
  <ItemGroup>
    <ClInclude Include="src\camera\camera.h">
      <Filter>Source Files\src\camera</Filter>
    </ClInclude>
    <ClInclude Include="src\random\random.h">
      <Filter>Source Files\src\random</Filter>
    </ClInclude>
    <ClInclude Include="src\matrix\matrix2x2\matrix2x2.h">
      <Filter>Source Files\src\matrix\matrix2x2</Filter>
    </ClInclude>
    <ClInclude Include="src\matrix\matrix3x3\matrix3x3.h">
      <Filter>Source Files\src\matrix\matrix3x3</Filter>
    </ClInclude>
    <ClInclude Include="src\matrix\matrix4x4\matrix4x4.h">
      <Filter>Source Files\src\matrix\matrix4x4</Filter>
    </ClInclude>
    <ClInclude Include="src\matrix\matrixFactory\matrixFactory.h">
      <Filter>Source Files\src\matrix\matrixFactory</Filter>
    </ClInclude>
    <ClInclude Include="src\vector\vector2\vector2.h">
      <Filter>Source Files\src\vector\vector2</Filter>
    </ClInclude>
    <ClInclude Include="src\vector\vector3\vector3.h">
      <Filter>Source Files\src\vector\vector3</Filter>
    </ClInclude>
    <ClInclude Include="src\vector\vector4\vector4.h">
      <Filter>Source Files\src\vector\vector4</Filter>
    </ClInclude>
    <ClInclude Include="src\shaders\shaders.h">
      <Filter>Source Files\src\shaders</Filter>
    </ClInclude>
    <ClInclude Include="src\qtrn\qtrn.h">
      <Filter>Source Files\src\qtrn</Filter>
    </ClInclude>
    <ClInclude Include="src\mesh\mesh.h">
      <Filter>Source Files\src\mesh</Filter>
    </ClInclude>
  </ItemGroup>
  <ItemGroup>
    <None Include="shaders\cube_fs.glsl">
      <Filter>Source Files\shaders</Filter>
    </None>
    <None Include="shaders\cube_vs.glsl">
      <Filter>Source Files\shaders</Filter>
    </None>
  </ItemGroup>
</Project>