<?xml version="1.0" encoding="utf-8"?>
<Project ToolsVersion="4.0" xmlns="http://schemas.microsoft.com/developer/msbuild/2003">
  <ItemGroup>
    <Filter Include="Source Files">
      <UniqueIdentifier>{4FC737F1-C7A5-4376-A066-2A32D752A2FF}</UniqueIdentifier>
      <Extensions>cpp;c;cc;cxx;def;odl;idl;hpj;bat;asm;asmx</Extensions>
    </Filter>
    <Filter Include="Header Files">
      <UniqueIdentifier>{93995380-89BD-4b04-88EB-625FBE52EBFB}</UniqueIdentifier>
      <Extensions>h;hh;hpp;hxx;hm;inl;inc;ipp;xsd</Extensions>
    </Filter>
    <Filter Include="Resource Files">
      <UniqueIdentifier>{67DA6AB6-F800-4c08-8B7A-83BB121AAD01}</UniqueIdentifier>
      <Extensions>rc;ico;cur;bmp;dlg;rc2;rct;bin;rgs;gif;jpg;jpeg;jpe;resx;tiff;tif;png;wav;mfcribbon-ms</Extensions>
    </Filter>
    <Filter Include="Source Files\src">
      <UniqueIdentifier>{5fb7d31d-6b22-46e6-a39e-d74ee1702260}</UniqueIdentifier>
    </Filter>
    <Filter Include="Source Files\src\camera">
      <UniqueIdentifier>{e15f3c51-8bfc-49fc-89ea-a865fb85bb95}</UniqueIdentifier>
    </Filter>
    <Filter Include="Source Files\src\matrix">
      <UniqueIdentifier>{db74a765-090a-4713-9081-b79ffa35d945}</UniqueIdentifier>
    </Filter>
    <Filter Include="Source Files\src\random">
      <UniqueIdentifier>{f2873af0-81d5-4321-b83f-3b0a3b69ce17}</UniqueIdentifier>
    </Filter>
    <Filter Include="Source Files\src\matrix\matrix2x2">
      <UniqueIdentifier>{2f9cb19c-3bbd-41af-aebf-ddd41dd075b9}</UniqueIdentifier>
    </Filter>
    <Filter Include="Source Files\src\matrix\matrix3x3">
      <UniqueIdentifier>{d9204923-3f12-4715-8614-4b134809bc8c}</UniqueIdentifier>
    </Filter>
    <Filter Include="Source Files\src\matrix\matrix4x4">
      <UniqueIdentifier>{b348d9fe-39cd-48a2-9cc9-b0ef12e4e7eb}</UniqueIdentifier>
    </Filter>
    <Filter Include="Source Files\src\matrix\matrixFactory">
      <UniqueIdentifier>{4c555836-b824-4d0d-b834-4173d877ba38}</UniqueIdentifier>
    </Filter>
    <Filter Include="Source Files\src\shaders">
      <UniqueIdentifier>{ecaf3976-7ee5-4222-b48a-2ac422b4540b}</UniqueIdentifier>
    </Filter>
    <Filter Include="Source Files\src\vector">
      <UniqueIdentifier>{f0c8f906-5267-471f-8977-c3918b6c17ac}</UniqueIdentifier>
    </Filter>
    <Filter Include="Source Files\src\vector\vector2">
      <UniqueIdentifier>{c871d797-5e58-4380-9457-1e5f47449f2a}</UniqueIdentifier>
    </Filter>
    <Filter Include="Source Files\src\vector\vector3">
      <UniqueIdentifier>{4fc26001-aef0-48c3-bf5d-80aa2b5c0374}</UniqueIdentifier>
    </Filter>
    <Filter Include="Source Files\src\vector\vector4">
      <UniqueIdentifier>{5936479f-d07d-4ac4-b5fd-c288dae02ec0}</UniqueIdentifier>
    </Filter>
  </ItemGroup>
  <ItemGroup>
    <ClCompile Include="4-Quaternions.cpp">
      <Filter>Source Files</Filter>
    </ClCompile>
    <ClCompile Include="3-hellowHorld.cpp">
      <Filter>Source Files</Filter>
    </ClCompile>
    <ClCompile Include="vec4.cpp">
      <Filter>Source Files</Filter>
    </ClCompile>
    <ClCompile Include="mat4.cpp">
      <Filter>Source Files</Filter>
    </ClCompile>
    <ClCompile Include="src\camera\camera.cpp">
      <Filter>Source Files\src\camera</Filter>
    </ClCompile>
    <ClCompile Include="src\matrix\matrix2x2\matrix2x2.cpp">
      <Filter>Source Files\src\matrix\matrix2x2</Filter>
    </ClCompile>
    <ClCompile Include="src\matrix\matrix3x3\matrix3x3.cpp">
      <Filter>Source Files\src\matrix\matrix3x3</Filter>
    </ClCompile>
    <ClCompile Include="src\matrix\matrix4x4\matrix4x4.cpp">
      <Filter>Source Files\src\matrix\matrix4x4</Filter>
    </ClCompile>
    <ClCompile Include="src\matrix\matrixFactory\matrixFactory.cpp">
      <Filter>Source Files\src\matrix\matrixFactory</Filter>
    </ClCompile>
    <ClCompile Include="src\random\random.cpp">
      <Filter>Source Files\src\random</Filter>
    </ClCompile>
    <ClCompile Include="src\shaders\shaders.cpp">
      <Filter>Source Files\src\shaders</Filter>
    </ClCompile>
    <ClCompile Include="src\vector\vector2\vector2.cpp">
      <Filter>Source Files\src\vector\vector2</Filter>
    </ClCompile>
    <ClCompile Include="src\vector\vector3\vector3.cpp">
      <Filter>Source Files\src\vector\vector3</Filter>
    </ClCompile>
    <ClCompile Include="src\vector\vector4\vector4.cpp">
      <Filter>Source Files\src\vector\vector4</Filter>
    </ClCompile>
  </ItemGroup>
  <ItemGroup>
    <ClInclude Include="qtrn.h">
      <Filter>Source Files</Filter>
    </ClInclude>
    <ClInclude Include="vec4.h">
      <Filter>Source Files</Filter>
    </ClInclude>
    <ClInclude Include="mat4.h">
      <Filter>Source Files</Filter>
    </ClInclude>
    <ClInclude Include="src\camera\camera.h">
      <Filter>Source Files\src\camera</Filter>
    </ClInclude>
    <ClInclude Include="src\shapes.h">
      <Filter>Source Files\src</Filter>
    </ClInclude>
    <ClInclude Include="src\Vertex.h">
      <Filter>Source Files\src</Filter>
    </ClInclude>
    <ClInclude Include="src\random\random.h">
      <Filter>Source Files\src\random</Filter>
    </ClInclude>
    <ClInclude Include="src\matrix\matrix2x2\matrix2x2.h">
      <Filter>Source Files\src\matrix\matrix2x2</Filter>
    </ClInclude>
    <ClInclude Include="src\matrix\matrix3x3\matrix3x3.h">
      <Filter>Source Files\src\matrix\matrix3x3</Filter>
    </ClInclude>
    <ClInclude Include="src\matrix\matrix4x4\matrix4x4.h">
      <Filter>Source Files\src\matrix\matrix4x4</Filter>
    </ClInclude>
    <ClInclude Include="src\matrix\matrixFactory\matrixFactory.h">
      <Filter>Source Files\src\matrix\matrixFactory</Filter>
    </ClInclude>
    <ClInclude Include="src\shaders\shaders.h">
      <Filter>Source Files\src\shaders</Filter>
    </ClInclude>
    <ClInclude Include="src\vector\vector2\vector2.h">
      <Filter>Source Files\src\vector\vector2</Filter>
    </ClInclude>
    <ClInclude Include="src\vector\vector3\vector3.h">
      <Filter>Source Files\src\vector\vector3</Filter>
    </ClInclude>
    <ClInclude Include="src\vector\vector4\vector4.h">
      <Filter>Source Files\src\vector\vector4</Filter>
    </ClInclude>
  </ItemGroup>
</Project>